<Solution>
  <Folder Name="/Solution Folder/">
    <File Path="..\.github\workflows\Publish.Nuget.All.yaml" />
    <File Path="Directory.Build.props" />
    <File Path="Directory.Packages.props" />
  </Folder>
  <Project Path="Nixon.Extensions.Samples.Hosting.Jobs.Alpha\Nixon.Extensions.Samples.Hosting.Jobs.Alpha.csproj" />
  <Project Path="Nixon.Extensions.Samples.OpenIddict.Alpha\Nixon.Extensions.Samples.OpenIddict.Alpha.csproj" />
</Solution>
